
Microsoft Visual Studio Solution File, Format Version 12.00
# Visual Studio Version 16
VisualStudioVersion = 16.0.31424.327
MinimumVisualStudioVersion = 10.0.40219.1
Project("{FAE04EC0-301F-11D3-BF4B-00C04F79EFBC}") = "Hello_world", "Hello_world\Hello_world.csproj", "{A4799C60-40D8-4FBD-B986-071033BCD427}"
EndProject
Project("{FAE04EC0-301F-11D3-BF4B-00C04F79EFBC}") = "program1", "program1\program1.csproj", "{12D03112-FB63-4C16-8443-439CD196CF36}"
EndProject
Project("{FAE04EC0-301F-11D3-BF4B-00C04F79EFBC}") = "ObstawianieWyscigow", "ObstawianieWyscigow\ObstawianieWyscigow.csproj", "{81BB03F1-25FA-4E57-AD30-0AD7FAE8C70A}"
EndProject
Project("{FAE04EC0-301F-11D3-BF4B-00C04F79EFBC}") = "Program dla Krystyny", "Program dla Krystyny\Program dla Krystyny.csproj", "{22891B9F-F9A4-4B9A-891F-D9BD7F93FE98}"
EndProject
Project("{FAE04EC0-301F-11D3-BF4B-00C04F79EFBC}") = "Ul", "Ul\Ul.csproj", "{1724D4F6-0C05-4858-9CEB-E64CEC72AFEF}"
EndProject
Project("{FAE04EC0-301F-11D3-BF4B-00C04F79EFBC}") = "Dom", "Dom\Dom.csproj", "{65932A85-71A4-4032-B9CF-B2F066855819}"
EndProject
Project("{FAE04EC0-301F-11D3-BF4B-00C04F79EFBC}") = "kaczki", "kaczki\kaczki.csproj", "{F98DDD25-0263-4977-A219-7D070960C6A4}"
EndProject
Project("{FAE04EC0-301F-11D3-BF4B-00C04F79EFBC}") = "Talie kart", "Talie kart\Talie kart.csproj", "{3D3C0BA4-D059-4AF4-8949-981C2EC01C7F}"
EndProject
Project("{FAE04EC0-301F-11D3-BF4B-00C04F79EFBC}") = "Idź na ryby", "Idź na ryby\Idź na ryby.csproj", "{B4DF5C00-8829-465A-B1E2-46BDBCAACD0B}"
EndProject
Global
	GlobalSection(SolutionConfigurationPlatforms) = preSolution
		Debug|Any CPU = Debug|Any CPU
		Release|Any CPU = Release|Any CPU
	EndGlobalSection
	GlobalSection(ProjectConfigurationPlatforms) = postSolution
		{A4799C60-40D8-4FBD-B986-071033BCD427}.Debug|Any CPU.ActiveCfg = Debug|Any CPU
		{A4799C60-40D8-4FBD-B986-071033BCD427}.Debug|Any CPU.Build.0 = Debug|Any CPU
		{A4799C60-40D8-4FBD-B986-071033BCD427}.Release|Any CPU.ActiveCfg = Release|Any CPU
		{A4799C60-40D8-4FBD-B986-071033BCD427}.Release|Any CPU.Build.0 = Release|Any CPU
		{12D03112-FB63-4C16-8443-439CD196CF36}.Debug|Any CPU.ActiveCfg = Debug|Any CPU
		{12D03112-FB63-4C16-8443-439CD196CF36}.Debug|Any CPU.Build.0 = Debug|Any CPU
		{12D03112-FB63-4C16-8443-439CD196CF36}.Release|Any CPU.ActiveCfg = Release|Any CPU
		{12D03112-FB63-4C16-8443-439CD196CF36}.Release|Any CPU.Build.0 = Release|Any CPU
		{81BB03F1-25FA-4E57-AD30-0AD7FAE8C70A}.Debug|Any CPU.ActiveCfg = Debug|Any CPU
		{81BB03F1-25FA-4E57-AD30-0AD7FAE8C70A}.Debug|Any CPU.Build.0 = Debug|Any CPU
		{81BB03F1-25FA-4E57-AD30-0AD7FAE8C70A}.Release|Any CPU.ActiveCfg = Release|Any CPU
		{81BB03F1-25FA-4E57-AD30-0AD7FAE8C70A}.Release|Any CPU.Build.0 = Release|Any CPU
		{22891B9F-F9A4-4B9A-891F-D9BD7F93FE98}.Debug|Any CPU.ActiveCfg = Debug|Any CPU
		{22891B9F-F9A4-4B9A-891F-D9BD7F93FE98}.Debug|Any CPU.Build.0 = Debug|Any CPU
		{22891B9F-F9A4-4B9A-891F-D9BD7F93FE98}.Release|Any CPU.ActiveCfg = Release|Any CPU
		{22891B9F-F9A4-4B9A-891F-D9BD7F93FE98}.Release|Any CPU.Build.0 = Release|Any CPU
		{1724D4F6-0C05-4858-9CEB-E64CEC72AFEF}.Debug|Any CPU.ActiveCfg = Debug|Any CPU
		{1724D4F6-0C05-4858-9CEB-E64CEC72AFEF}.Debug|Any CPU.Build.0 = Debug|Any CPU
		{1724D4F6-0C05-4858-9CEB-E64CEC72AFEF}.Release|Any CPU.ActiveCfg = Release|Any CPU
		{1724D4F6-0C05-4858-9CEB-E64CEC72AFEF}.Release|Any CPU.Build.0 = Release|Any CPU
		{65932A85-71A4-4032-B9CF-B2F066855819}.Debug|Any CPU.ActiveCfg = Debug|Any CPU
		{65932A85-71A4-4032-B9CF-B2F066855819}.Debug|Any CPU.Build.0 = Debug|Any CPU
		{65932A85-71A4-4032-B9CF-B2F066855819}.Release|Any CPU.ActiveCfg = Release|Any CPU
		{65932A85-71A4-4032-B9CF-B2F066855819}.Release|Any CPU.Build.0 = Release|Any CPU
		{F98DDD25-0263-4977-A219-7D070960C6A4}.Debug|Any CPU.ActiveCfg = Debug|Any CPU
		{F98DDD25-0263-4977-A219-7D070960C6A4}.Debug|Any CPU.Build.0 = Debug|Any CPU
		{F98DDD25-0263-4977-A219-7D070960C6A4}.Release|Any CPU.ActiveCfg = Release|Any CPU
		{F98DDD25-0263-4977-A219-7D070960C6A4}.Release|Any CPU.Build.0 = Release|Any CPU
		{3D3C0BA4-D059-4AF4-8949-981C2EC01C7F}.Debug|Any CPU.ActiveCfg = Debug|Any CPU
		{3D3C0BA4-D059-4AF4-8949-981C2EC01C7F}.Debug|Any CPU.Build.0 = Debug|Any CPU
		{3D3C0BA4-D059-4AF4-8949-981C2EC01C7F}.Release|Any CPU.ActiveCfg = Release|Any CPU
		{3D3C0BA4-D059-4AF4-8949-981C2EC01C7F}.Release|Any CPU.Build.0 = Release|Any CPU
		{B4DF5C00-8829-465A-B1E2-46BDBCAACD0B}.Debug|Any CPU.ActiveCfg = Debug|Any CPU
		{B4DF5C00-8829-465A-B1E2-46BDBCAACD0B}.Debug|Any CPU.Build.0 = Debug|Any CPU
		{B4DF5C00-8829-465A-B1E2-46BDBCAACD0B}.Release|Any CPU.ActiveCfg = Release|Any CPU
		{B4DF5C00-8829-465A-B1E2-46BDBCAACD0B}.Release|Any CPU.Build.0 = Release|Any CPU
	EndGlobalSection
	GlobalSection(SolutionProperties) = preSolution
		HideSolutionNode = FALSE
	EndGlobalSection
	GlobalSection(ExtensibilityGlobals) = postSolution
		SolutionGuid = {C2E728D9-AE7D-4EA7-80A5-28F6FBC86536}
	EndGlobalSection
EndGlobal
